
Microsoft Visual Studio Solution File, Format Version 12.00
# Visual Studio 15
VisualStudioVersion = 15.0.27703.2042
MinimumVisualStudioVersion = 10.0.40219.1
Project("{FAE04EC0-301F-11D3-BF4B-00C04F79EFBC}") = "BarcodeGenerator", "BarcodeGenerator\BarcodeGenerator.csproj", "{7BC3B021-3BEE-430D-939B-9CB01A6FB7FF}"
EndProject
Global
	GlobalSection(SolutionConfigurationPlatforms) = preSolution
		Debug|Any CPU = Debug|Any CPU
		Release|Any CPU = Release|Any CPU
	EndGlobalSection
	GlobalSection(ProjectConfigurationPlatforms) = postSolution
		{7BC3B021-3BEE-430D-939B-9CB01A6FB7FF}.Debug|Any CPU.ActiveCfg = Debug|Any CPU
		{7BC3B021-3BEE-430D-939B-9CB01A6FB7FF}.Debug|Any CPU.Build.0 = Debug|Any CPU
		{7BC3B021-3BEE-430D-939B-9CB01A6FB7FF}.Release|Any CPU.ActiveCfg = Release|Any CPU
		{7BC3B021-3BEE-430D-939B-9CB01A6FB7FF}.Release|Any CPU.Build.0 = Release|Any CPU
	EndGlobalSection
	GlobalSection(SolutionProperties) = preSolution
		HideSolutionNode = FALSE
	EndGlobalSection
	GlobalSection(ExtensibilityGlobals) = postSolution
		SolutionGuid = {AF3A817E-FDF5-49D1-8D09-14B7197C5FAE}
	EndGlobalSection
EndGlobal
